// !$*UTF8*$!
{
	archiveVersion = 1;
	classes = {
	};
	objectVersion = 46;
	objects = {

/* Begin PBXBuildFile section */
		17DB54DCCD21A762B88017F4 /* ORM.h in Headers */ = {isa = PBXBuildFile; fileRef = 17DB56E90D1297A507FE3511 /* ORM.h */; };
		17DB56752F1A9A36A317AFAF /* User.m in Sources */ = {isa = PBXBuildFile; fileRef = 17DB57FA2863B3A2E3177E4E /* User.m */; };
		17DB58C5BA9D41CED6318171 /* EntityManager.m in Sources */ = {isa = PBXBuildFile; fileRef = 17DB5B9883FB420EAE3F4305 /* EntityManager.m */; };
		17DB590E234F5D34186B6709 /* liborm.dylib in Frameworks */ = {isa = PBXBuildFile; fileRef = 17DB5E5B69AFE3E5A2ADA76F /* liborm.dylib */; };
		17DB5B10A19E53EB70804D06 /* main.m in Sources */ = {isa = PBXBuildFile; fileRef = 17DB51E14C44058D964623CC /* main.m */; };
		17DB5D7E392054752279B2F6 /* EntityManager.h in Headers */ = {isa = PBXBuildFile; fileRef = 17DB590DDBF8A3275B21E8D6 /* EntityManager.h */; };
/* End PBXBuildFile section */

/* Begin PBXContainerItemProxy section */
		17DB5AEE9B474B2AF42F4B1A /* PBXContainerItemProxy */ = {
			isa = PBXContainerItemProxy;
			containerPortal = 17DB5A4D6D6160BE9D3461EA /* Project object */;
			proxyType = 1;
			remoteGlobalIDString = 17DB5CD90107D1DF0C10B1C2;
			remoteInfo = orm;
		};
/* End PBXContainerItemProxy section */

/* Begin PBXCopyFilesBuildPhase section */
		17DB59B6392C220ACF0CA586 /* CopyFiles */ = {
			isa = PBXCopyFilesBuildPhase;
			buildActionMask = 2147483647;
			dstPath = /usr/share/man/man1/;
			dstSubfolderSpec = 0;
			files = (
			);
			runOnlyForDeploymentPostprocessing = 1;
		};
/* End PBXCopyFilesBuildPhase section */

/* Begin PBXFileReference section */
		17DB5048AF9D044812C665C9 /* ormTests.xctest */ = {isa = PBXFileReference; explicitFileType = wrapper.cfbundle; includeInIndex = 0; path = ormTests.xctest; sourceTree = BUILT_PRODUCTS_DIR; };
		17DB51E14C44058D964623CC /* main.m */ = {isa = PBXFileReference; lastKnownFileType = sourcecode.c.objc; path = main.m; sourceTree = "<group>"; };
		17DB56E90D1297A507FE3511 /* ORM.h */ = {isa = PBXFileReference; fileEncoding = 4; lastKnownFileType = sourcecode.c.h; path = ORM.h; sourceTree = "<group>"; };
		17DB57FA2863B3A2E3177E4E /* User.m */ = {isa = PBXFileReference; fileEncoding = 4; lastKnownFileType = sourcecode.c.objc; path = User.m; sourceTree = "<group>"; };
		17DB590DDBF8A3275B21E8D6 /* EntityManager.h */ = {isa = PBXFileReference; lastKnownFileType = sourcecode.c.h; path = EntityManager.h; sourceTree = "<group>"; };
		17DB59D1786C1042BAFE997F /* User.h */ = {isa = PBXFileReference; fileEncoding = 4; lastKnownFileType = sourcecode.c.h; path = User.h; sourceTree = "<group>"; };
		17DB5B9883FB420EAE3F4305 /* EntityManager.m */ = {isa = PBXFileReference; lastKnownFileType = sourcecode.c.objc; path = EntityManager.m; sourceTree = "<group>"; };
		17DB5DFEA4B665C8CDF3F513 /* demo */ = {isa = PBXFileReference; explicitFileType = "compiled.mach-o.executable"; includeInIndex = 0; path = demo; sourceTree = BUILT_PRODUCTS_DIR; };
		17DB5E5B69AFE3E5A2ADA76F /* liborm.dylib */ = {isa = PBXFileReference; explicitFileType = "compiled.mach-o.dylib"; includeInIndex = 0; path = liborm.dylib; sourceTree = BUILT_PRODUCTS_DIR; };
		17DB5FCD7ABE415895E9A2A2 /* Info.plist */ = {isa = PBXFileReference; lastKnownFileType = text.plist.info; path = Info.plist; sourceTree = "<group>"; };
/* End PBXFileReference section */

/* Begin PBXFrameworksBuildPhase section */
		17DB5037007642800112EBF6 /* Frameworks */ = {
			isa = PBXFrameworksBuildPhase;
			buildActionMask = 2147483647;
			files = (
			);
			runOnlyForDeploymentPostprocessing = 0;
		};
		17DB561CBA2A76D5E799EE15 /* Frameworks */ = {
			isa = PBXFrameworksBuildPhase;
			buildActionMask = 2147483647;
			files = (
				17DB590E234F5D34186B6709 /* liborm.dylib in Frameworks */,
			);
			runOnlyForDeploymentPostprocessing = 0;
		};
		17DB5EB0D0E571C54CF5888E /* Frameworks */ = {
			isa = PBXFrameworksBuildPhase;
			buildActionMask = 2147483647;
			files = (
			);
			runOnlyForDeploymentPostprocessing = 0;
		};
/* End PBXFrameworksBuildPhase section */

/* Begin PBXGroup section */
		17DB5026E9280E10DBF531BD /* ormTests */ = {
			isa = PBXGroup;
			children = (
				17DB59F1A835C1A259D3ED95 /* Supporting Files */,
			);
			path = ormTests;
			sourceTree = "<group>";
		};
		17DB53D0E9D83CC54DD54EB5 /* orm */ = {
			isa = PBXGroup;
			children = (
				17DB590DDBF8A3275B21E8D6 /* EntityManager.h */,
				17DB5B9883FB420EAE3F4305 /* EntityManager.m */,
				17DB56E90D1297A507FE3511 /* ORM.h */,
			);
			path = orm;
			sourceTree = "<group>";
		};
		17DB56361A39ECEA7F7B7F6E /* entity */ = {
			isa = PBXGroup;
			children = (
				17DB57FA2863B3A2E3177E4E /* User.m */,
				17DB59D1786C1042BAFE997F /* User.h */,
			);
			path = entity;
			sourceTree = "<group>";
		};
		17DB56F1303EC5D5EB803A62 /* Products */ = {
			isa = PBXGroup;
			children = (
				17DB5E5B69AFE3E5A2ADA76F /* liborm.dylib */,
				17DB5048AF9D044812C665C9 /* ormTests.xctest */,
				17DB5DFEA4B665C8CDF3F513 /* demo */,
			);
			name = Products;
			sourceTree = "<group>";
		};
		17DB593B9AFB53B384BD8F5A = {
			isa = PBXGroup;
			children = (
				17DB56F1303EC5D5EB803A62 /* Products */,
				17DB53D0E9D83CC54DD54EB5 /* orm */,
				17DB5026E9280E10DBF531BD /* ormTests */,
				17DB5FB3DAAB23496068F816 /* demo */,
			);
			sourceTree = "<group>";
		};
		17DB59F1A835C1A259D3ED95 /* Supporting Files */ = {
			isa = PBXGroup;
			children = (
				17DB5FCD7ABE415895E9A2A2 /* Info.plist */,
			);
			name = "Supporting Files";
			sourceTree = "<group>";
		};
		17DB5FB3DAAB23496068F816 /* demo */ = {
			isa = PBXGroup;
			children = (
				17DB51E14C44058D964623CC /* main.m */,
				17DB56361A39ECEA7F7B7F6E /* entity */,
			);
			path = demo;
			sourceTree = "<group>";
		};
/* End PBXGroup section */

/* Begin PBXHeadersBuildPhase section */
		17DB58AD263AD5489376D53A /* Headers */ = {
			isa = PBXHeadersBuildPhase;
			buildActionMask = 2147483647;
			files = (
				17DB5D7E392054752279B2F6 /* EntityManager.h in Headers */,
				17DB54DCCD21A762B88017F4 /* ORM.h in Headers */,
			);
			runOnlyForDeploymentPostprocessing = 0;
		};
/* End PBXHeadersBuildPhase section */

/* Begin PBXNativeTarget section */
		17DB514CA09709AC650234A3 /* demo */ = {
			isa = PBXNativeTarget;
			buildConfigurationList = 17DB557AD96F1FDDB86574DB /* Build configuration list for PBXNativeTarget "demo" */;
			buildPhases = (
				17DB519CB4E106A70D6EC935 /* Sources */,
				17DB5037007642800112EBF6 /* Frameworks */,
				17DB59B6392C220ACF0CA586 /* CopyFiles */,
			);
			buildRules = (
			);
			dependencies = (
			);
			name = demo;
			productName = demo;
			productReference = 17DB5DFEA4B665C8CDF3F513 /* demo */;
			productType = "com.apple.product-type.tool";
		};
		17DB54E3F59A08BE2592F62E /* ormTests */ = {
			isa = PBXNativeTarget;
			buildConfigurationList = 17DB5411FA8D43C5B3397E2E /* Build configuration list for PBXNativeTarget "ormTests" */;
			buildPhases = (
				17DB526769CF6384E1DD0B79 /* Sources */,
				17DB561CBA2A76D5E799EE15 /* Frameworks */,
				17DB594296D5165621CE5088 /* Resources */,
			);
			buildRules = (
			);
			dependencies = (
				17DB52BDEF9BF74D8D7E7650 /* PBXTargetDependency */,
			);
			name = ormTests;
			productName = ormTests;
			productReference = 17DB5048AF9D044812C665C9 /* ormTests.xctest */;
			productType = "com.apple.product-type.bundle.unit-test";
		};
		17DB5CD90107D1DF0C10B1C2 /* orm */ = {
			isa = PBXNativeTarget;
			buildConfigurationList = 17DB530EBB3ED596ED36C8C7 /* Build configuration list for PBXNativeTarget "orm" */;
			buildPhases = (
				17DB5E987FBE3FA0646E6138 /* Sources */,
				17DB5EB0D0E571C54CF5888E /* Frameworks */,
				17DB58AD263AD5489376D53A /* Headers */,
			);
			buildRules = (
			);
			dependencies = (
			);
			name = orm;
			productName = orm;
			productReference = 17DB5E5B69AFE3E5A2ADA76F /* liborm.dylib */;
			productType = "com.apple.product-type.library.dynamic";
		};
/* End PBXNativeTarget section */

/* Begin PBXProject section */
		17DB5A4D6D6160BE9D3461EA /* Project object */ = {
			isa = PBXProject;
			attributes = {
				ORGANIZATIONNAME = SUPINFO;
			};
			buildConfigurationList = 17DB5299A096168FC95AA0B4 /* Build configuration list for PBXProject "orm" */;
			compatibilityVersion = "Xcode 3.2";
			developmentRegion = English;
			hasScannedForEncodings = 0;
			knownRegions = (
				en,
			);
			mainGroup = 17DB593B9AFB53B384BD8F5A;
			productRefGroup = 17DB56F1303EC5D5EB803A62 /* Products */;
			projectDirPath = "";
			projectRoot = "";
			targets = (
				17DB5CD90107D1DF0C10B1C2 /* orm */,
				17DB54E3F59A08BE2592F62E /* ormTests */,
				17DB514CA09709AC650234A3 /* demo */,
			);
		};
/* End PBXProject section */

/* Begin PBXResourcesBuildPhase section */
		17DB594296D5165621CE5088 /* Resources */ = {
			isa = PBXResourcesBuildPhase;
			buildActionMask = 2147483647;
			files = (
			);
			runOnlyForDeploymentPostprocessing = 0;
		};
/* End PBXResourcesBuildPhase section */

/* Begin PBXSourcesBuildPhase section */
		17DB519CB4E106A70D6EC935 /* Sources */ = {
			isa = PBXSourcesBuildPhase;
			buildActionMask = 2147483647;
			files = (
				17DB5B10A19E53EB70804D06 /* main.m in Sources */,
				17DB56752F1A9A36A317AFAF /* User.m in Sources */,
			);
			runOnlyForDeploymentPostprocessing = 0;
		};
		17DB526769CF6384E1DD0B79 /* Sources */ = {
			isa = PBXSourcesBuildPhase;
			buildActionMask = 2147483647;
			files = (
			);
			runOnlyForDeploymentPostprocessing = 0;
		};
		17DB5E987FBE3FA0646E6138 /* Sources */ = {
			isa = PBXSourcesBuildPhase;
			buildActionMask = 2147483647;
			files = (
				17DB58C5BA9D41CED6318171 /* EntityManager.m in Sources */,
			);
			runOnlyForDeploymentPostprocessing = 0;
		};
/* End PBXSourcesBuildPhase section */

/* Begin PBXTargetDependency section */
		17DB52BDEF9BF74D8D7E7650 /* PBXTargetDependency */ = {
			isa = PBXTargetDependency;
			target = 17DB5CD90107D1DF0C10B1C2 /* orm */;
			targetProxy = 17DB5AEE9B474B2AF42F4B1A /* PBXContainerItemProxy */;
		};
/* End PBXTargetDependency section */

/* Begin XCBuildConfiguration section */
		17DB51B47210B35F2ACC9E04 /* Debug */ = {
			isa = XCBuildConfiguration;
			buildSettings = {
				COMBINE_HIDPI_IMAGES = YES;
				FRAMEWORK_SEARCH_PATHS = (
					"$(DEVELOPER_FRAMEWORKS_DIR)",
					"$(inherited)",
				);
				INFOPLIST_FILE = ormTests/Info.plist;
				LD_RUNPATH_SEARCH_PATHS = "$(inherited) @executable_path/../Frameworks @loader_path/../Frameworks";
				PRODUCT_NAME = "$(TARGET_NAME)";
			};
			name = Debug;
		};
		17DB54A90ECAB3CB37F33104 /* Debug */ = {
			isa = XCBuildConfiguration;
			buildSettings = {
				ALWAYS_SEARCH_USER_PATHS = NO;
				CLANG_CXX_LANGUAGE_STANDARD = "gnu++0x";
				CLANG_CXX_LIBRARY = "libc++";
				CLANG_ENABLE_MODULES = YES;
				CLANG_ENABLE_OBJC_ARC = YES;
				CLANG_WARN_BOOL_CONVERSION = YES;
				CLANG_WARN_CONSTANT_CONVERSION = YES;
				CLANG_WARN_DIRECT_OBJC_ISA_USAGE = YES_ERROR;
				CLANG_WARN_EMPTY_BODY = YES;
				CLANG_WARN_ENUM_CONVERSION = YES;
				CLANG_WARN_INT_CONVERSION = YES;
				CLANG_WARN_OBJC_ROOT_CLASS = YES_ERROR;
				CLANG_WARN_UNREACHABLE_CODE = YES;
				CLANG_WARN__DUPLICATE_METHOD_MATCH = YES;
				COPY_PHASE_STRIP = NO;
				ENABLE_STRICT_OBJC_MSGSEND = YES;
				GCC_C_LANGUAGE_STANDARD = gnu99;
				GCC_DYNAMIC_NO_PIC = NO;
				GCC_OPTIMIZATION_LEVEL = 0;
				GCC_PREPROCESSOR_DEFINITIONS = (
					"DEBUG=1",
					"$(inherited)",
				);
				GCC_SYMBOLS_PRIVATE_EXTERN = NO;
				GCC_WARN_64_TO_32_BIT_CONVERSION = YES;
				GCC_WARN_ABOUT_RETURN_TYPE = YES_ERROR;
				GCC_WARN_UNDECLARED_SELECTOR = YES;
				GCC_WARN_UNINITIALIZED_AUTOS = YES_AGGRESSIVE;
				GCC_WARN_UNUSED_FUNCTION = YES;
				GCC_WARN_UNUSED_VARIABLE = YES;
				MACOSX_DEPLOYMENT_TARGET = 10.10;
				MTL_ENABLE_DEBUG_INFO = YES;
				ONLY_ACTIVE_ARCH = YES;
				PRODUCT_NAME = "$(TARGET_NAME)";
				SDKROOT = macosx;
			};
			name = Debug;
		};
		17DB55364B6EDE787795EF3E /* Release */ = {
			isa = XCBuildConfiguration;
			buildSettings = {
				DYLIB_COMPATIBILITY_VERSION = 1;
				DYLIB_CURRENT_VERSION = 1;
				EXECUTABLE_PREFIX = lib;
				PRODUCT_NAME = "$(TARGET_NAME)";
			};
			name = Release;
		};
		17DB56763B74352A6DDEC6AB /* Release */ = {
			isa = XCBuildConfiguration;
			buildSettings = {
				COMBINE_HIDPI_IMAGES = YES;
				FRAMEWORK_SEARCH_PATHS = (
					"$(DEVELOPER_FRAMEWORKS_DIR)",
					"$(inherited)",
				);
				INFOPLIST_FILE = ormTests/Info.plist;
				LD_RUNPATH_SEARCH_PATHS = "$(inherited) @executable_path/../Frameworks @loader_path/../Frameworks";
				PRODUCT_NAME = "$(TARGET_NAME)";
			};
			name = Release;
		};
		17DB5846AC8F78B1B775CC51 /* Release */ = {
			isa = XCBuildConfiguration;
			buildSettings = {
				ALWAYS_SEARCH_USER_PATHS = NO;
				CLANG_CXX_LANGUAGE_STANDARD = "gnu++0x";
				CLANG_CXX_LIBRARY = "libc++";
				CLANG_ENABLE_MODULES = YES;
				CLANG_ENABLE_OBJC_ARC = YES;
				CLANG_WARN_BOOL_CONVERSION = YES;
				CLANG_WARN_CONSTANT_CONVERSION = YES;
				CLANG_WARN_DIRECT_OBJC_ISA_USAGE = YES_ERROR;
				CLANG_WARN_EMPTY_BODY = YES;
				CLANG_WARN_ENUM_CONVERSION = YES;
				CLANG_WARN_INT_CONVERSION = YES;
				CLANG_WARN_OBJC_ROOT_CLASS = YES_ERROR;
				CLANG_WARN_UNREACHABLE_CODE = YES;
				CLANG_WARN__DUPLICATE_METHOD_MATCH = YES;
				COPY_PHASE_STRIP = YES;
				DEBUG_INFORMATION_FORMAT = "dwarf-with-dsym";
				ENABLE_NS_ASSERTIONS = NO;
				ENABLE_STRICT_OBJC_MSGSEND = YES;
				GCC_C_LANGUAGE_STANDARD = gnu99;
				GCC_WARN_64_TO_32_BIT_CONVERSION = YES;
				GCC_WARN_ABOUT_RETURN_TYPE = YES_ERROR;
				GCC_WARN_UNDECLARED_SELECTOR = YES;
				GCC_WARN_UNINITIALIZED_AUTOS = YES_AGGRESSIVE;
				GCC_WARN_UNUSED_FUNCTION = YES;
				GCC_WARN_UNUSED_VARIABLE = YES;
				MACOSX_DEPLOYMENT_TARGET = 10.10;
				MTL_ENABLE_DEBUG_INFO = NO;
				SDKROOT = macosx;
			};
			name = Release;
		};
		17DB5AE8DA5FE6EB50EC4346 /* Debug */ = {
			isa = XCBuildConfiguration;
			buildSettings = {
				ALWAYS_SEARCH_USER_PATHS = NO;
				CLANG_CXX_LANGUAGE_STANDARD = "gnu++0x";
				CLANG_CXX_LIBRARY = "libc++";
				CLANG_ENABLE_MODULES = YES;
				CLANG_ENABLE_OBJC_ARC = YES;
				CLANG_WARN_BOOL_CONVERSION = YES;
				CLANG_WARN_CONSTANT_CONVERSION = YES;
				CLANG_WARN_DIRECT_OBJC_ISA_USAGE = YES_ERROR;
				CLANG_WARN_EMPTY_BODY = YES;
				CLANG_WARN_ENUM_CONVERSION = YES;
				CLANG_WARN_INT_CONVERSION = YES;
				CLANG_WARN_OBJC_ROOT_CLASS = YES_ERROR;
				CLANG_WARN_UNREACHABLE_CODE = YES;
				CLANG_WARN__DUPLICATE_METHOD_MATCH = YES;
				COPY_PHASE_STRIP = NO;
				ENABLE_STRICT_OBJC_MSGSEND = YES;
				GCC_C_LANGUAGE_STANDARD = gnu99;
				GCC_DYNAMIC_NO_PIC = NO;
				GCC_OPTIMIZATION_LEVEL = 0;
				GCC_PREPROCESSOR_DEFINITIONS = (
					"DEBUG=1",
					"$(inherited)",
				);
				GCC_SYMBOLS_PRIVATE_EXTERN = NO;
				GCC_WARN_64_TO_32_BIT_CONVERSION = YES;
				GCC_WARN_ABOUT_RETURN_TYPE = YES_ERROR;
				GCC_WARN_UNDECLARED_SELECTOR = YES;
				GCC_WARN_UNINITIALIZED_AUTOS = YES_AGGRESSIVE;
				GCC_WARN_UNUSED_FUNCTION = YES;
				GCC_WARN_UNUSED_VARIABLE = YES;
				MACOSX_DEPLOYMENT_TARGET = 10.10;
				MTL_ENABLE_DEBUG_INFO = YES;
				ONLY_ACTIVE_ARCH = YES;
				SDKROOT = macosx;
			};
			name = Debug;
		};
		17DB5D8EA306033294FB1E1A /* Release */ = {
			isa = XCBuildConfiguration;
			buildSettings = {
				ALWAYS_SEARCH_USER_PATHS = NO;
				CLANG_CXX_LANGUAGE_STANDARD = "gnu++0x";
				CLANG_CXX_LIBRARY = "libc++";
				CLANG_ENABLE_MODULES = YES;
				CLANG_ENABLE_OBJC_ARC = YES;
				CLANG_WARN_BOOL_CONVERSION = YES;
				CLANG_WARN_CONSTANT_CONVERSION = YES;
				CLANG_WARN_DIRECT_OBJC_ISA_USAGE = YES_ERROR;
				CLANG_WARN_EMPTY_BODY = YES;
				CLANG_WARN_ENUM_CONVERSION = YES;
				CLANG_WARN_INT_CONVERSION = YES;
				CLANG_WARN_OBJC_ROOT_CLASS = YES_ERROR;
				CLANG_WARN_UNREACHABLE_CODE = YES;
				CLANG_WARN__DUPLICATE_METHOD_MATCH = YES;
				COPY_PHASE_STRIP = YES;
				DEBUG_INFORMATION_FORMAT = "dwarf-with-dsym";
				ENABLE_NS_ASSERTIONS = NO;
				ENABLE_STRICT_OBJC_MSGSEND = YES;
				GCC_C_LANGUAGE_STANDARD = gnu99;
				GCC_WARN_64_TO_32_BIT_CONVERSION = YES;
				GCC_WARN_ABOUT_RETURN_TYPE = YES_ERROR;
				GCC_WARN_UNDECLARED_SELECTOR = YES;
				GCC_WARN_UNINITIALIZED_AUTOS = YES_AGGRESSIVE;
				GCC_WARN_UNUSED_FUNCTION = YES;
				GCC_WARN_UNUSED_VARIABLE = YES;
				MACOSX_DEPLOYMENT_TARGET = 10.10;
				MTL_ENABLE_DEBUG_INFO = NO;
				PRODUCT_NAME = "$(TARGET_NAME)";
				SDKROOT = macosx;
			};
			name = Release;
		};
		17DB5F6ED5653135FA0AE8C4 /* Debug */ = {
			isa = XCBuildConfiguration;
			buildSettings = {
				DYLIB_COMPATIBILITY_VERSION = 1;
				DYLIB_CURRENT_VERSION = 1;
				EXECUTABLE_PREFIX = lib;
				PRODUCT_NAME = "$(TARGET_NAME)";
			};
			name = Debug;
		};
/* End XCBuildConfiguration section */

/* Begin XCConfigurationList section */
		17DB5299A096168FC95AA0B4 /* Build configuration list for PBXProject "orm" */ = {
			isa = XCConfigurationList;
			buildConfigurations = (
				17DB5AE8DA5FE6EB50EC4346 /* Debug */,
				17DB5846AC8F78B1B775CC51 /* Release */,
			);
			defaultConfigurationIsVisible = 0;
			defaultConfigurationName = Release;
		};
		17DB530EBB3ED596ED36C8C7 /* Build configuration list for PBXNativeTarget "orm" */ = {
			isa = XCConfigurationList;
			buildConfigurations = (
				17DB5F6ED5653135FA0AE8C4 /* Debug */,
				17DB55364B6EDE787795EF3E /* Release */,
			);
			defaultConfigurationIsVisible = 0;
		};
		17DB5411FA8D43C5B3397E2E /* Build configuration list for PBXNativeTarget "ormTests" */ = {
			isa = XCConfigurationList;
			buildConfigurations = (
				17DB51B47210B35F2ACC9E04 /* Debug */,
				17DB56763B74352A6DDEC6AB /* Release */,
			);
			defaultConfigurationIsVisible = 0;
		};
		17DB557AD96F1FDDB86574DB /* Build configuration list for PBXNativeTarget "demo" */ = {
			isa = XCConfigurationList;
			buildConfigurations = (
				17DB54A90ECAB3CB37F33104 /* Debug */,
				17DB5D8EA306033294FB1E1A /* Release */,
			);
			defaultConfigurationIsVisible = 0;
		};
/* End XCConfigurationList section */
	};
	rootObject = 17DB5A4D6D6160BE9D3461EA /* Project object */;
}
