// !$*UTF8*$!
{
	archiveVersion = 1;
	classes = {
	};
	objectVersion = 46;
	objects = {

/* Begin PBXBuildFile section */
		17DB50F91C0EAD8AC4FB2CF2 /* DataExtractor.m in Sources */ = {isa = PBXBuildFile; fileRef = 17DB5E87F151D1748947F655 /* DataExtractor.m */; };
		17DB534744FF75F97B3C8D89 /* QueryBuilder.m in Sources */ = {isa = PBXBuildFile; fileRef = 17DB545CD401995CB4125D6E /* QueryBuilder.m */; };
		17DB566DC7715F55D8459CA0 /* DataExtractor.h in Headers */ = {isa = PBXBuildFile; fileRef = 17DB5D74199C3B3BFBBD75A4 /* DataExtractor.h */; };
		17DB56752F1A9A36A317AFAF /* User.m in Sources */ = {isa = PBXBuildFile; fileRef = 17DB57FA2863B3A2E3177E4E /* User.m */; };
		17DB5B10A19E53EB70804D06 /* main.m in Sources */ = {isa = PBXBuildFile; fileRef = 17DB51E14C44058D964623CC /* main.m */; };
		17DB5BB53BBE3FC1DA1FAD77 /* DatabaseConnection.m in Sources */ = {isa = PBXBuildFile; fileRef = 17DB566CBDC4F2ED90A9ADED /* DatabaseConnection.m */; };
		17DB5E3DAD19842F10C69F90 /* EntityManager.m in Sources */ = {isa = PBXBuildFile; fileRef = 17DB5FEB5FA7D250A345C1A8 /* EntityManager.m */; };
		17DB5E505802BA596281C906 /* Profile.m in Sources */ = {isa = PBXBuildFile; fileRef = 17DB5CA2BEC7662DFCDE3B41 /* Profile.m */; };
		17DB5FF93FB5CBA1BB0B229E /* ManagedEntity.m in Sources */ = {isa = PBXBuildFile; fileRef = 17DB59EDBAFA0E1D9D85C706 /* ManagedEntity.m */; };
		C4AB88F41A80473100988153 /* libsqlite3.dylib in Frameworks */ = {isa = PBXBuildFile; fileRef = 17DB5C3494526D5BA1478DD9 /* libsqlite3.dylib */; };
/* End PBXBuildFile section */

/* Begin PBXCopyFilesBuildPhase section */
		17DB59B6392C220ACF0CA586 /* CopyFiles */ = {
			isa = PBXCopyFilesBuildPhase;
			buildActionMask = 2147483647;
			dstPath = /usr/share/man/man1/;
			dstSubfolderSpec = 0;
			files = (
			);
			runOnlyForDeploymentPostprocessing = 1;
		};
/* End PBXCopyFilesBuildPhase section */

/* Begin PBXFileReference section */
		17DB5106C5A61ACBBC8DA59E /* QueryBuilder.h */ = {isa = PBXFileReference; fileEncoding = 4; lastKnownFileType = sourcecode.c.h; path = QueryBuilder.h; sourceTree = "<group>"; };
		17DB51E14C44058D964623CC /* main.m */ = {isa = PBXFileReference; lastKnownFileType = sourcecode.c.objc; path = main.m; sourceTree = "<group>"; };
		17DB545CD401995CB4125D6E /* QueryBuilder.m */ = {isa = PBXFileReference; fileEncoding = 4; lastKnownFileType = sourcecode.c.objc; path = QueryBuilder.m; sourceTree = "<group>"; };
		17DB55B998384093436456D5 /* database.sqlite */ = {isa = PBXFileReference; lastKnownFileType = file.sqlite3; name = database.sqlite; path = demo/resources/database.sqlite; sourceTree = "<group>"; };
		17DB566CBDC4F2ED90A9ADED /* DatabaseConnection.m */ = {isa = PBXFileReference; fileEncoding = 4; lastKnownFileType = sourcecode.c.objc; path = DatabaseConnection.m; sourceTree = "<group>"; };
		17DB56A858163D69BE2A7EC4 /* ORM.h */ = {isa = PBXFileReference; fileEncoding = 4; lastKnownFileType = sourcecode.c.h; path = ORM.h; sourceTree = "<group>"; };
		17DB57EFEA20F1BE8DF1C31B /* DatabaseConnection.h */ = {isa = PBXFileReference; fileEncoding = 4; lastKnownFileType = sourcecode.c.h; path = DatabaseConnection.h; sourceTree = "<group>"; };
		17DB57FA2863B3A2E3177E4E /* User.m */ = {isa = PBXFileReference; fileEncoding = 4; lastKnownFileType = sourcecode.c.objc; path = User.m; sourceTree = "<group>"; };
		17DB586A715606D8114B5F46 /* ManagedEntity.h */ = {isa = PBXFileReference; fileEncoding = 4; lastKnownFileType = sourcecode.c.h; path = ManagedEntity.h; sourceTree = "<group>"; };
		17DB58790C045A92FDDD27AF /* Action.h */ = {isa = PBXFileReference; fileEncoding = 4; lastKnownFileType = sourcecode.c.h; path = Action.h; sourceTree = "<group>"; };
		17DB58AB074DFB5AB9882078 /* Profile.h */ = {isa = PBXFileReference; fileEncoding = 4; lastKnownFileType = sourcecode.c.h; path = Profile.h; sourceTree = "<group>"; };
		17DB59D1786C1042BAFE997F /* User.h */ = {isa = PBXFileReference; fileEncoding = 4; lastKnownFileType = sourcecode.c.h; path = User.h; sourceTree = "<group>"; };
		17DB59EDBAFA0E1D9D85C706 /* ManagedEntity.m */ = {isa = PBXFileReference; fileEncoding = 4; lastKnownFileType = sourcecode.c.objc; path = ManagedEntity.m; sourceTree = "<group>"; };
		17DB5C3494526D5BA1478DD9 /* libsqlite3.dylib */ = {isa = PBXFileReference; lastKnownFileType = "compiled.mach-o.dylib"; name = libsqlite3.dylib; path = usr/lib/libsqlite3.dylib; sourceTree = SDKROOT; };
		17DB5CA2BEC7662DFCDE3B41 /* Profile.m */ = {isa = PBXFileReference; fileEncoding = 4; lastKnownFileType = sourcecode.c.objc; path = Profile.m; sourceTree = "<group>"; };
		17DB5CFBF46DFAB20C90CD64 /* EntityManager.h */ = {isa = PBXFileReference; fileEncoding = 4; lastKnownFileType = sourcecode.c.h; path = EntityManager.h; sourceTree = "<group>"; };
		17DB5D56EAA58EC512062CED /* main.h */ = {isa = PBXFileReference; fileEncoding = 4; lastKnownFileType = sourcecode.c.h; path = main.h; sourceTree = "<group>"; };
		17DB5D74199C3B3BFBBD75A4 /* DataExtractor.h */ = {isa = PBXFileReference; fileEncoding = 4; lastKnownFileType = sourcecode.c.h; path = DataExtractor.h; sourceTree = "<group>"; };
		17DB5DFEA4B665C8CDF3F513 /* demo */ = {isa = PBXFileReference; explicitFileType = "compiled.mach-o.executable"; includeInIndex = 0; path = demo; sourceTree = BUILT_PRODUCTS_DIR; };
		17DB5E87F151D1748947F655 /* DataExtractor.m */ = {isa = PBXFileReference; fileEncoding = 4; lastKnownFileType = sourcecode.c.objc; path = DataExtractor.m; sourceTree = "<group>"; };
		17DB5FEB5FA7D250A345C1A8 /* EntityManager.m */ = {isa = PBXFileReference; fileEncoding = 4; lastKnownFileType = sourcecode.c.objc; path = EntityManager.m; sourceTree = "<group>"; };
/* End PBXFileReference section */

/* Begin PBXFrameworksBuildPhase section */
		17DB5037007642800112EBF6 /* Frameworks */ = {
			isa = PBXFrameworksBuildPhase;
			buildActionMask = 2147483647;
			files = (
				C4AB88F41A80473100988153 /* libsqlite3.dylib in Frameworks */,
			);
			runOnlyForDeploymentPostprocessing = 0;
		};
		17DB5EB0D0E571C54CF5888E /* Frameworks */ = {
			isa = PBXFrameworksBuildPhase;
			buildActionMask = 2147483647;
			files = (
			);
			runOnlyForDeploymentPostprocessing = 0;
		};
/* End PBXFrameworksBuildPhase section */

/* Begin PBXGroup section */
		17DB536082ED5ECC9EEAD3AA /* orm */ = {
			isa = PBXGroup;
			children = (
				17DB56A858163D69BE2A7EC4 /* ORM.h */,
				17DB586A715606D8114B5F46 /* ManagedEntity.h */,
				17DB5D74199C3B3BFBBD75A4 /* DataExtractor.h */,
				17DB5CFBF46DFAB20C90CD64 /* EntityManager.h */,
				17DB5FEB5FA7D250A345C1A8 /* EntityManager.m */,
				17DB59EDBAFA0E1D9D85C706 /* ManagedEntity.m */,
				17DB57EFEA20F1BE8DF1C31B /* DatabaseConnection.h */,
				17DB58790C045A92FDDD27AF /* Action.h */,
				17DB566CBDC4F2ED90A9ADED /* DatabaseConnection.m */,
				17DB5E87F151D1748947F655 /* DataExtractor.m */,
				17DB5106C5A61ACBBC8DA59E /* QueryBuilder.h */,
				17DB545CD401995CB4125D6E /* QueryBuilder.m */,
			);
			path = orm;
			sourceTree = "<group>";
		};
		17DB56361A39ECEA7F7B7F6E /* entity */ = {
			isa = PBXGroup;
			children = (
				17DB57FA2863B3A2E3177E4E /* User.m */,
				17DB59D1786C1042BAFE997F /* User.h */,
				17DB5CA2BEC7662DFCDE3B41 /* Profile.m */,
				17DB58AB074DFB5AB9882078 /* Profile.h */,
			);
			path = entity;
			sourceTree = "<group>";
		};
		17DB56F1303EC5D5EB803A62 /* Products */ = {
			isa = PBXGroup;
			children = (
				17DB5DFEA4B665C8CDF3F513 /* demo */,
				17DB55B998384093436456D5 /* database.sqlite */,
			);
			name = Products;
			sourceTree = "<group>";
		};
		17DB56F7015F44D60CB086E9 /* Frameworks */ = {
			isa = PBXGroup;
			children = (
				17DB5C3494526D5BA1478DD9 /* libsqlite3.dylib */,
			);
			name = Frameworks;
			sourceTree = "<group>";
		};
		17DB593B9AFB53B384BD8F5A = {
			isa = PBXGroup;
			children = (
				17DB56F1303EC5D5EB803A62 /* Products */,
				17DB5FB3DAAB23496068F816 /* demo */,
				17DB56F7015F44D60CB086E9 /* Frameworks */,
			);
			sourceTree = "<group>";
		};
		17DB5FB3DAAB23496068F816 /* demo */ = {
			isa = PBXGroup;
			children = (
				17DB51E14C44058D964623CC /* main.m */,
				17DB56361A39ECEA7F7B7F6E /* entity */,
				17DB536082ED5ECC9EEAD3AA /* orm */,
				17DB5D56EAA58EC512062CED /* main.h */,
			);
			path = demo;
			sourceTree = "<group>";
		};
/* End PBXGroup section */

/* Begin PBXHeadersBuildPhase section */
		17DB58AD263AD5489376D53A /* Headers */ = {
			isa = PBXHeadersBuildPhase;
			buildActionMask = 2147483647;
			files = (
				17DB566DC7715F55D8459CA0 /* DataExtractor.h in Headers */,
			);
			runOnlyForDeploymentPostprocessing = 0;
		};
/* End PBXHeadersBuildPhase section */

/* Begin PBXNativeTarget section */
		17DB514CA09709AC650234A3 /* demo */ = {
			isa = PBXNativeTarget;
			buildConfigurationList = 17DB557AD96F1FDDB86574DB /* Build configuration list for PBXNativeTarget "demo" */;
			buildPhases = (
				17DB519CB4E106A70D6EC935 /* Sources */,
				17DB5037007642800112EBF6 /* Frameworks */,
				17DB59B6392C220ACF0CA586 /* CopyFiles */,
			);
			buildRules = (
			);
			dependencies = (
			);
			name = demo;
			productName = demo;
			productReference = 17DB5DFEA4B665C8CDF3F513 /* demo */;
			productType = "com.apple.product-type.tool";
		};
		17DB5CD90107D1DF0C10B1C2 /* orm */ = {
			isa = PBXNativeTarget;
			buildConfigurationList = 17DB530EBB3ED596ED36C8C7 /* Build configuration list for PBXNativeTarget "orm" */;
			buildPhases = (
				17DB5E987FBE3FA0646E6138 /* Sources */,
				17DB5EB0D0E571C54CF5888E /* Frameworks */,
				17DB58AD263AD5489376D53A /* Headers */,
			);
			buildRules = (
			);
			dependencies = (
			);
			name = orm;
			productName = orm;
			productType = "com.apple.product-type.library.dynamic";
		};
/* End PBXNativeTarget section */

/* Begin PBXProject section */
		17DB5A4D6D6160BE9D3461EA /* Project object */ = {
			isa = PBXProject;
			attributes = {
				LastUpgradeCheck = 0610;
				ORGANIZATIONNAME = SUPINFO;
			};
			buildConfigurationList = 17DB5299A096168FC95AA0B4 /* Build configuration list for PBXProject "orm" */;
			compatibilityVersion = "Xcode 3.2";
			developmentRegion = English;
			hasScannedForEncodings = 0;
			knownRegions = (
				en,
			);
			mainGroup = 17DB593B9AFB53B384BD8F5A;
			productRefGroup = 17DB56F1303EC5D5EB803A62 /* Products */;
			projectDirPath = "";
			projectRoot = "";
			targets = (
				17DB5CD90107D1DF0C10B1C2 /* orm */,
				17DB514CA09709AC650234A3 /* demo */,
			);
		};
/* End PBXProject section */

/* Begin PBXSourcesBuildPhase section */
		17DB519CB4E106A70D6EC935 /* Sources */ = {
			isa = PBXSourcesBuildPhase;
			buildActionMask = 2147483647;
			files = (
				17DB5B10A19E53EB70804D06 /* main.m in Sources */,
				17DB56752F1A9A36A317AFAF /* User.m in Sources */,
				17DB5E3DAD19842F10C69F90 /* EntityManager.m in Sources */,
				17DB5FF93FB5CBA1BB0B229E /* ManagedEntity.m in Sources */,
				17DB5BB53BBE3FC1DA1FAD77 /* DatabaseConnection.m in Sources */,
				17DB50F91C0EAD8AC4FB2CF2 /* DataExtractor.m in Sources */,
				17DB534744FF75F97B3C8D89 /* QueryBuilder.m in Sources */,
				17DB5E505802BA596281C906 /* Profile.m in Sources */,
			);
			runOnlyForDeploymentPostprocessing = 0;
		};
		17DB5E987FBE3FA0646E6138 /* Sources */ = {
			isa = PBXSourcesBuildPhase;
			buildActionMask = 2147483647;
			files = (
			);
			runOnlyForDeploymentPostprocessing = 0;
		};
/* End PBXSourcesBuildPhase section */

/* Begin XCBuildConfiguration section */
		17DB54A90ECAB3CB37F33104 /* Debug */ = {
			isa = XCBuildConfiguration;
			buildSettings = {
				ALWAYS_SEARCH_USER_PATHS = NO;
				CLANG_CXX_LANGUAGE_STANDARD = "gnu++0x";
				CLANG_CXX_LIBRARY = "libc++";
				CLANG_ENABLE_MODULES = YES;
				CLANG_ENABLE_OBJC_ARC = YES;
				CLANG_WARN_BOOL_CONVERSION = YES;
				CLANG_WARN_CONSTANT_CONVERSION = YES;
				CLANG_WARN_DIRECT_OBJC_ISA_USAGE = YES_ERROR;
				CLANG_WARN_EMPTY_BODY = YES;
				CLANG_WARN_ENUM_CONVERSION = YES;
				CLANG_WARN_INT_CONVERSION = YES;
				CLANG_WARN_OBJC_ROOT_CLASS = YES_ERROR;
				CLANG_WARN_UNREACHABLE_CODE = YES;
				CLANG_WARN__DUPLICATE_METHOD_MATCH = YES;
				COPY_PHASE_STRIP = NO;
				ENABLE_STRICT_OBJC_MSGSEND = YES;
				GCC_C_LANGUAGE_STANDARD = gnu99;
				GCC_DYNAMIC_NO_PIC = NO;
				GCC_OPTIMIZATION_LEVEL = 0;
				GCC_PREPROCESSOR_DEFINITIONS = (
					"DEBUG=1",
					"$(inherited)",
				);
				GCC_SYMBOLS_PRIVATE_EXTERN = NO;
				GCC_WARN_64_TO_32_BIT_CONVERSION = YES;
				GCC_WARN_ABOUT_RETURN_TYPE = YES_ERROR;
				GCC_WARN_UNDECLARED_SELECTOR = YES;
				GCC_WARN_UNINITIALIZED_AUTOS = YES_AGGRESSIVE;
				GCC_WARN_UNUSED_FUNCTION = YES;
				GCC_WARN_UNUSED_VARIABLE = YES;
				MACOSX_DEPLOYMENT_TARGET = 10.10;
				MTL_ENABLE_DEBUG_INFO = YES;
				ONLY_ACTIVE_ARCH = YES;
				PRODUCT_NAME = "$(TARGET_NAME)";
				SDKROOT = macosx;
			};
			name = Debug;
		};
		17DB55364B6EDE787795EF3E /* Release */ = {
			isa = XCBuildConfiguration;
			buildSettings = {
				COMBINE_HIDPI_IMAGES = YES;
				DYLIB_COMPATIBILITY_VERSION = 1;
				DYLIB_CURRENT_VERSION = 1;
				EXECUTABLE_PREFIX = lib;
				PRODUCT_NAME = "$(TARGET_NAME)";
			};
			name = Release;
		};
		17DB5846AC8F78B1B775CC51 /* Release */ = {
			isa = XCBuildConfiguration;
			buildSettings = {
				ALWAYS_SEARCH_USER_PATHS = NO;
				CLANG_CXX_LANGUAGE_STANDARD = "gnu++0x";
				CLANG_CXX_LIBRARY = "libc++";
				CLANG_ENABLE_MODULES = YES;
				CLANG_ENABLE_OBJC_ARC = YES;
				CLANG_WARN_BOOL_CONVERSION = YES;
				CLANG_WARN_CONSTANT_CONVERSION = YES;
				CLANG_WARN_DIRECT_OBJC_ISA_USAGE = YES_ERROR;
				CLANG_WARN_EMPTY_BODY = YES;
				CLANG_WARN_ENUM_CONVERSION = YES;
				CLANG_WARN_INT_CONVERSION = YES;
				CLANG_WARN_OBJC_ROOT_CLASS = YES_ERROR;
				CLANG_WARN_UNREACHABLE_CODE = YES;
				CLANG_WARN__DUPLICATE_METHOD_MATCH = YES;
				COPY_PHASE_STRIP = YES;
				DEBUG_INFORMATION_FORMAT = "dwarf-with-dsym";
				ENABLE_NS_ASSERTIONS = NO;
				ENABLE_STRICT_OBJC_MSGSEND = YES;
				GCC_C_LANGUAGE_STANDARD = gnu99;
				GCC_WARN_64_TO_32_BIT_CONVERSION = YES;
				GCC_WARN_ABOUT_RETURN_TYPE = YES_ERROR;
				GCC_WARN_UNDECLARED_SELECTOR = YES;
				GCC_WARN_UNINITIALIZED_AUTOS = YES_AGGRESSIVE;
				GCC_WARN_UNUSED_FUNCTION = YES;
				GCC_WARN_UNUSED_VARIABLE = YES;
				MACOSX_DEPLOYMENT_TARGET = 10.10;
				MTL_ENABLE_DEBUG_INFO = NO;
				SDKROOT = macosx;
			};
			name = Release;
		};
		17DB5AE8DA5FE6EB50EC4346 /* Debug */ = {
			isa = XCBuildConfiguration;
			buildSettings = {
				ALWAYS_SEARCH_USER_PATHS = NO;
				CLANG_CXX_LANGUAGE_STANDARD = "gnu++0x";
				CLANG_CXX_LIBRARY = "libc++";
				CLANG_ENABLE_MODULES = YES;
				CLANG_ENABLE_OBJC_ARC = YES;
				CLANG_WARN_BOOL_CONVERSION = YES;
				CLANG_WARN_CONSTANT_CONVERSION = YES;
				CLANG_WARN_DIRECT_OBJC_ISA_USAGE = YES_ERROR;
				CLANG_WARN_EMPTY_BODY = YES;
				CLANG_WARN_ENUM_CONVERSION = YES;
				CLANG_WARN_INT_CONVERSION = YES;
				CLANG_WARN_OBJC_ROOT_CLASS = YES_ERROR;
				CLANG_WARN_UNREACHABLE_CODE = YES;
				CLANG_WARN__DUPLICATE_METHOD_MATCH = YES;
				COPY_PHASE_STRIP = NO;
				ENABLE_STRICT_OBJC_MSGSEND = YES;
				GCC_C_LANGUAGE_STANDARD = gnu99;
				GCC_DYNAMIC_NO_PIC = NO;
				GCC_OPTIMIZATION_LEVEL = 0;
				GCC_PREPROCESSOR_DEFINITIONS = (
					"DEBUG=1",
					"$(inherited)",
				);
				GCC_SYMBOLS_PRIVATE_EXTERN = NO;
				GCC_WARN_64_TO_32_BIT_CONVERSION = YES;
				GCC_WARN_ABOUT_RETURN_TYPE = YES_ERROR;
				GCC_WARN_UNDECLARED_SELECTOR = YES;
				GCC_WARN_UNINITIALIZED_AUTOS = YES_AGGRESSIVE;
				GCC_WARN_UNUSED_FUNCTION = YES;
				GCC_WARN_UNUSED_VARIABLE = YES;
				MACOSX_DEPLOYMENT_TARGET = 10.10;
				MTL_ENABLE_DEBUG_INFO = YES;
				ONLY_ACTIVE_ARCH = YES;
				SDKROOT = macosx;
			};
			name = Debug;
		};
		17DB5D8EA306033294FB1E1A /* Release */ = {
			isa = XCBuildConfiguration;
			buildSettings = {
				ALWAYS_SEARCH_USER_PATHS = NO;
				CLANG_CXX_LANGUAGE_STANDARD = "gnu++0x";
				CLANG_CXX_LIBRARY = "libc++";
				CLANG_ENABLE_MODULES = YES;
				CLANG_ENABLE_OBJC_ARC = YES;
				CLANG_WARN_BOOL_CONVERSION = YES;
				CLANG_WARN_CONSTANT_CONVERSION = YES;
				CLANG_WARN_DIRECT_OBJC_ISA_USAGE = YES_ERROR;
				CLANG_WARN_EMPTY_BODY = YES;
				CLANG_WARN_ENUM_CONVERSION = YES;
				CLANG_WARN_INT_CONVERSION = YES;
				CLANG_WARN_OBJC_ROOT_CLASS = YES_ERROR;
				CLANG_WARN_UNREACHABLE_CODE = YES;
				CLANG_WARN__DUPLICATE_METHOD_MATCH = YES;
				COPY_PHASE_STRIP = YES;
				DEBUG_INFORMATION_FORMAT = "dwarf-with-dsym";
				ENABLE_NS_ASSERTIONS = NO;
				ENABLE_STRICT_OBJC_MSGSEND = YES;
				GCC_C_LANGUAGE_STANDARD = gnu99;
				GCC_WARN_64_TO_32_BIT_CONVERSION = YES;
				GCC_WARN_ABOUT_RETURN_TYPE = YES_ERROR;
				GCC_WARN_UNDECLARED_SELECTOR = YES;
				GCC_WARN_UNINITIALIZED_AUTOS = YES_AGGRESSIVE;
				GCC_WARN_UNUSED_FUNCTION = YES;
				GCC_WARN_UNUSED_VARIABLE = YES;
				MACOSX_DEPLOYMENT_TARGET = 10.10;
				MTL_ENABLE_DEBUG_INFO = NO;
				PRODUCT_NAME = "$(TARGET_NAME)";
				SDKROOT = macosx;
			};
			name = Release;
		};
		17DB5F6ED5653135FA0AE8C4 /* Debug */ = {
			isa = XCBuildConfiguration;
			buildSettings = {
				COMBINE_HIDPI_IMAGES = YES;
				DYLIB_COMPATIBILITY_VERSION = 1;
				DYLIB_CURRENT_VERSION = 1;
				EXECUTABLE_PREFIX = lib;
				PRODUCT_NAME = "$(TARGET_NAME)";
			};
			name = Debug;
		};
/* End XCBuildConfiguration section */

/* Begin XCConfigurationList section */
		17DB5299A096168FC95AA0B4 /* Build configuration list for PBXProject "orm" */ = {
			isa = XCConfigurationList;
			buildConfigurations = (
				17DB5AE8DA5FE6EB50EC4346 /* Debug */,
				17DB5846AC8F78B1B775CC51 /* Release */,
			);
			defaultConfigurationIsVisible = 0;
			defaultConfigurationName = Release;
		};
		17DB530EBB3ED596ED36C8C7 /* Build configuration list for PBXNativeTarget "orm" */ = {
			isa = XCConfigurationList;
			buildConfigurations = (
				17DB5F6ED5653135FA0AE8C4 /* Debug */,
				17DB55364B6EDE787795EF3E /* Release */,
			);
			defaultConfigurationIsVisible = 0;
			defaultConfigurationName = Release;
		};
		17DB557AD96F1FDDB86574DB /* Build configuration list for PBXNativeTarget "demo" */ = {
			isa = XCConfigurationList;
			buildConfigurations = (
				17DB54A90ECAB3CB37F33104 /* Debug */,
				17DB5D8EA306033294FB1E1A /* Release */,
			);
			defaultConfigurationIsVisible = 0;
			defaultConfigurationName = Release;
		};
/* End XCConfigurationList section */
	};
	rootObject = 17DB5A4D6D6160BE9D3461EA /* Project object */;
}
